
Microsoft Visual Studio Solution File, Format Version 12.00
# Visual Studio Version 16
VisualStudioVersion = 16.0.30503.244
MinimumVisualStudioVersion = 10.0.40219.1
Project("{FAE04EC0-301F-11D3-BF4B-00C04F79EFBC}") = "AbschlussprojektIHK", "AbschlussprojektIHK\AbschlussprojektIHK.csproj", "{99763A70-9158-49FA-AC20-6A0183C8F53A}"
EndProject
Project("{FAE04EC0-301F-11D3-BF4B-00C04F79EFBC}") = "AbschlussprojektIHKweb", "AbschlussprojektIHKweb\AbschlussprojektIHKweb.csproj", "{EE90CA5B-606F-48C4-90D7-884BC3E9336E}"
EndProject
Project("{FAE04EC0-301F-11D3-BF4B-00C04F79EFBC}") = "AbschlussprojektIHKwebWeb", "AbschlussprojektIHKwebWeb\AbschlussprojektIHKwebWeb.csproj", "{6C6B0848-2912-4DA1-BD24-188690BC01B7}"
EndProject
Global
	GlobalSection(SolutionConfigurationPlatforms) = preSolution
		Debug|Any CPU = Debug|Any CPU
		Release|Any CPU = Release|Any CPU
	EndGlobalSection
	GlobalSection(ProjectConfigurationPlatforms) = postSolution
		{99763A70-9158-49FA-AC20-6A0183C8F53A}.Debug|Any CPU.ActiveCfg = Debug|Any CPU
		{99763A70-9158-49FA-AC20-6A0183C8F53A}.Debug|Any CPU.Build.0 = Debug|Any CPU
		{99763A70-9158-49FA-AC20-6A0183C8F53A}.Release|Any CPU.ActiveCfg = Release|Any CPU
		{99763A70-9158-49FA-AC20-6A0183C8F53A}.Release|Any CPU.Build.0 = Release|Any CPU
		{EE90CA5B-606F-48C4-90D7-884BC3E9336E}.Debug|Any CPU.ActiveCfg = Debug|Any CPU
		{EE90CA5B-606F-48C4-90D7-884BC3E9336E}.Debug|Any CPU.Build.0 = Debug|Any CPU
		{EE90CA5B-606F-48C4-90D7-884BC3E9336E}.Debug|Any CPU.Deploy.0 = Debug|Any CPU
		{EE90CA5B-606F-48C4-90D7-884BC3E9336E}.Release|Any CPU.ActiveCfg = Release|Any CPU
		{EE90CA5B-606F-48C4-90D7-884BC3E9336E}.Release|Any CPU.Build.0 = Release|Any CPU
		{EE90CA5B-606F-48C4-90D7-884BC3E9336E}.Release|Any CPU.Deploy.0 = Release|Any CPU
		{6C6B0848-2912-4DA1-BD24-188690BC01B7}.Debug|Any CPU.ActiveCfg = Debug|Any CPU
		{6C6B0848-2912-4DA1-BD24-188690BC01B7}.Debug|Any CPU.Build.0 = Debug|Any CPU
		{6C6B0848-2912-4DA1-BD24-188690BC01B7}.Release|Any CPU.ActiveCfg = Release|Any CPU
		{6C6B0848-2912-4DA1-BD24-188690BC01B7}.Release|Any CPU.Build.0 = Release|Any CPU
	EndGlobalSection
	GlobalSection(SolutionProperties) = preSolution
		HideSolutionNode = FALSE
	EndGlobalSection
	GlobalSection(ExtensibilityGlobals) = postSolution
		SolutionGuid = {69F44183-6AA8-495D-A9DE-F9A4E561C595}
	EndGlobalSection
EndGlobal
